// !$*UTF8*$!
{
	archiveVersion = 1;
	classes = {
	};
	objectVersion = 46;
	objects = {

/* Begin PBXAggregateTarget section */
		689B17A11AFFE0EA00D2854E /* Documentation */ = {
			isa = PBXAggregateTarget;
			buildConfigurationList = 689B17A41AFFE0EA00D2854E /* Build configuration list for PBXAggregateTarget "Documentation" */;
			buildPhases = (
				689B17A51AFFE0FD00D2854E /* ShellScript */,
			);
			dependencies = (
			);
			name = Documentation;
			productName = Documentation;
		};
/* End PBXAggregateTarget section */

/* Begin PBXBuildFile section */
		033A6C5F18695CD2001CF9FA /* JSONAPIResource.m in Sources */ = {isa = PBXBuildFile; fileRef = 033A6C5E18695CD2001CF9FA /* JSONAPIResource.m */; };
		03866451186A909200985CEC /* PeopleResource.m in Sources */ = {isa = PBXBuildFile; fileRef = 03866450186A909200985CEC /* PeopleResource.m */; };
		03866454186A94B700985CEC /* CommentResource.m in Sources */ = {isa = PBXBuildFile; fileRef = 03866453186A94B700985CEC /* CommentResource.m */; };
		03866457186A94C200985CEC /* PostResource.m in Sources */ = {isa = PBXBuildFile; fileRef = 03866456186A94C200985CEC /* PostResource.m */; };
		03866459186CCE6600985CEC /* CHANGELOG.md in Resources */ = {isa = PBXBuildFile; fileRef = 03866458186CCE6600985CEC /* CHANGELOG.md */; };
		03A055BB1868E038004807F0 /* Foundation.framework in Frameworks */ = {isa = PBXBuildFile; fileRef = 03A055BA1868E038004807F0 /* Foundation.framework */; };
		03A055BD1868E038004807F0 /* CoreGraphics.framework in Frameworks */ = {isa = PBXBuildFile; fileRef = 03A055BC1868E038004807F0 /* CoreGraphics.framework */; };
		03A055BF1868E038004807F0 /* UIKit.framework in Frameworks */ = {isa = PBXBuildFile; fileRef = 03A055BE1868E038004807F0 /* UIKit.framework */; };
		03A055C51868E038004807F0 /* InfoPlist.strings in Resources */ = {isa = PBXBuildFile; fileRef = 03A055C31868E038004807F0 /* InfoPlist.strings */; };
		03A055C71868E038004807F0 /* main.m in Sources */ = {isa = PBXBuildFile; fileRef = 03A055C61868E038004807F0 /* main.m */; };
		03A055CB1868E038004807F0 /* AppDelegate.m in Sources */ = {isa = PBXBuildFile; fileRef = 03A055CA1868E038004807F0 /* AppDelegate.m */; };
		03A055CE1868E038004807F0 /* Main.storyboard in Resources */ = {isa = PBXBuildFile; fileRef = 03A055CC1868E038004807F0 /* Main.storyboard */; };
		03A055D11868E038004807F0 /* ViewController.m in Sources */ = {isa = PBXBuildFile; fileRef = 03A055D01868E038004807F0 /* ViewController.m */; };
		03A055D31868E038004807F0 /* Images.xcassets in Resources */ = {isa = PBXBuildFile; fileRef = 03A055D21868E038004807F0 /* Images.xcassets */; };
		03A055DA1868E038004807F0 /* XCTest.framework in Frameworks */ = {isa = PBXBuildFile; fileRef = 03A055D91868E038004807F0 /* XCTest.framework */; };
		03A055DB1868E038004807F0 /* Foundation.framework in Frameworks */ = {isa = PBXBuildFile; fileRef = 03A055BA1868E038004807F0 /* Foundation.framework */; };
		03A055DC1868E038004807F0 /* UIKit.framework in Frameworks */ = {isa = PBXBuildFile; fileRef = 03A055BE1868E038004807F0 /* UIKit.framework */; };
		03A055E41868E038004807F0 /* InfoPlist.strings in Resources */ = {isa = PBXBuildFile; fileRef = 03A055E21868E038004807F0 /* InfoPlist.strings */; };
		03A055E61868E038004807F0 /* JSONAPITests.m in Sources */ = {isa = PBXBuildFile; fileRef = 03A055E51868E038004807F0 /* JSONAPITests.m */; };
		03A055F71868E08A004807F0 /* JSONAPI.m in Sources */ = {isa = PBXBuildFile; fileRef = 03A055F41868E08A004807F0 /* JSONAPI.m */; };
		03A055F81868E08A004807F0 /* JSONAPI.podspec in Resources */ = {isa = PBXBuildFile; fileRef = 03A055F51868E08A004807F0 /* JSONAPI.podspec */; };
		03FBD8DA1AB879FD00789DF3 /* main_example.json in Resources */ = {isa = PBXBuildFile; fileRef = 03FBD8D91AB879FD00789DF3 /* main_example.json */; };
		03FBD8DC1AB87EE000789DF3 /* main_example.json in Resources */ = {isa = PBXBuildFile; fileRef = 03FBD8D91AB879FD00789DF3 /* main_example.json */; };
		03FBD8DF1AB8DF8E00789DF3 /* JSONAPIErrorResource.m in Sources */ = {isa = PBXBuildFile; fileRef = 03FBD8DE1AB8DF8E00789DF3 /* JSONAPIErrorResource.m */; };
		03FBD8E21AB8E46E00789DF3 /* error_example.json in Resources */ = {isa = PBXBuildFile; fileRef = 03FBD8E11AB8E46E00789DF3 /* error_example.json */; };
		03FBD8E31AB8E46E00789DF3 /* error_example.json in Resources */ = {isa = PBXBuildFile; fileRef = 03FBD8E11AB8E46E00789DF3 /* error_example.json */; };
		685481EB1AE4161900D3A633 /* JSONAPIPropertyDescriptor.m in Sources */ = {isa = PBXBuildFile; fileRef = 685481EA1AE4161900D3A633 /* JSONAPIPropertyDescriptor.m */; };
		685481EF1AE419CB00D3A633 /* JSONAPIResourceDescriptor.m in Sources */ = {isa = PBXBuildFile; fileRef = 685481EE1AE419CB00D3A633 /* JSONAPIResourceDescriptor.m */; };
		68A469941AE47E0000E7BBC8 /* NSDateFormatter+JSONAPIDateFormatter.m in Sources */ = {isa = PBXBuildFile; fileRef = 68A469931AE47E0000E7BBC8 /* NSDateFormatter+JSONAPIDateFormatter.m */; };
/* End PBXBuildFile section */

/* Begin PBXContainerItemProxy section */
		03A055DD1868E038004807F0 /* PBXContainerItemProxy */ = {
			isa = PBXContainerItemProxy;
			containerPortal = 03A055AF1868E038004807F0 /* Project object */;
			proxyType = 1;
			remoteGlobalIDString = 03A055B61868E038004807F0;
			remoteInfo = JSONAPI;
		};
/* End PBXContainerItemProxy section */

/* Begin PBXFileReference section */
		033A6C5D18695CD2001CF9FA /* JSONAPIResource.h */ = {isa = PBXFileReference; fileEncoding = 4; lastKnownFileType = sourcecode.c.h; path = JSONAPIResource.h; sourceTree = "<group>"; };
		033A6C5E18695CD2001CF9FA /* JSONAPIResource.m */ = {isa = PBXFileReference; fileEncoding = 4; lastKnownFileType = sourcecode.c.objc; path = JSONAPIResource.m; sourceTree = "<group>"; };
		0386644F186A909200985CEC /* PeopleResource.h */ = {isa = PBXFileReference; fileEncoding = 4; lastKnownFileType = sourcecode.c.h; path = PeopleResource.h; sourceTree = "<group>"; };
		03866450186A909200985CEC /* PeopleResource.m */ = {isa = PBXFileReference; fileEncoding = 4; lastKnownFileType = sourcecode.c.objc; path = PeopleResource.m; sourceTree = "<group>"; };
		03866452186A94B700985CEC /* CommentResource.h */ = {isa = PBXFileReference; fileEncoding = 4; lastKnownFileType = sourcecode.c.h; path = CommentResource.h; sourceTree = "<group>"; };
		03866453186A94B700985CEC /* CommentResource.m */ = {isa = PBXFileReference; fileEncoding = 4; lastKnownFileType = sourcecode.c.objc; path = CommentResource.m; sourceTree = "<group>"; };
		03866455186A94C200985CEC /* PostResource.h */ = {isa = PBXFileReference; fileEncoding = 4; lastKnownFileType = sourcecode.c.h; path = PostResource.h; sourceTree = "<group>"; };
		03866456186A94C200985CEC /* PostResource.m */ = {isa = PBXFileReference; fileEncoding = 4; lastKnownFileType = sourcecode.c.objc; path = PostResource.m; sourceTree = "<group>"; };
		03866458186CCE6600985CEC /* CHANGELOG.md */ = {isa = PBXFileReference; fileEncoding = 4; lastKnownFileType = text; name = CHANGELOG.md; path = ../CHANGELOG.md; sourceTree = "<group>"; };
		03A055B71868E038004807F0 /* JSONAPI.app */ = {isa = PBXFileReference; explicitFileType = wrapper.application; includeInIndex = 0; path = JSONAPI.app; sourceTree = BUILT_PRODUCTS_DIR; };
		03A055BA1868E038004807F0 /* Foundation.framework */ = {isa = PBXFileReference; lastKnownFileType = wrapper.framework; name = Foundation.framework; path = System/Library/Frameworks/Foundation.framework; sourceTree = SDKROOT; };
		03A055BC1868E038004807F0 /* CoreGraphics.framework */ = {isa = PBXFileReference; lastKnownFileType = wrapper.framework; name = CoreGraphics.framework; path = System/Library/Frameworks/CoreGraphics.framework; sourceTree = SDKROOT; };
		03A055BE1868E038004807F0 /* UIKit.framework */ = {isa = PBXFileReference; lastKnownFileType = wrapper.framework; name = UIKit.framework; path = System/Library/Frameworks/UIKit.framework; sourceTree = SDKROOT; };
		03A055C21868E038004807F0 /* JSONAPI-Info.plist */ = {isa = PBXFileReference; lastKnownFileType = text.plist.xml; path = "JSONAPI-Info.plist"; sourceTree = "<group>"; };
		03A055C41868E038004807F0 /* en */ = {isa = PBXFileReference; lastKnownFileType = text.plist.strings; name = en; path = en.lproj/InfoPlist.strings; sourceTree = "<group>"; };
		03A055C61868E038004807F0 /* main.m */ = {isa = PBXFileReference; lastKnownFileType = sourcecode.c.objc; path = main.m; sourceTree = "<group>"; };
		03A055C81868E038004807F0 /* JSONAPI-Prefix.pch */ = {isa = PBXFileReference; lastKnownFileType = sourcecode.c.h; path = "JSONAPI-Prefix.pch"; sourceTree = "<group>"; };
		03A055C91868E038004807F0 /* AppDelegate.h */ = {isa = PBXFileReference; lastKnownFileType = sourcecode.c.h; path = AppDelegate.h; sourceTree = "<group>"; };
		03A055CA1868E038004807F0 /* AppDelegate.m */ = {isa = PBXFileReference; lastKnownFileType = sourcecode.c.objc; path = AppDelegate.m; sourceTree = "<group>"; };
		03A055CD1868E038004807F0 /* Base */ = {isa = PBXFileReference; lastKnownFileType = file.storyboard; name = Base; path = Base.lproj/Main.storyboard; sourceTree = "<group>"; };
		03A055CF1868E038004807F0 /* ViewController.h */ = {isa = PBXFileReference; lastKnownFileType = sourcecode.c.h; path = ViewController.h; sourceTree = "<group>"; };
		03A055D01868E038004807F0 /* ViewController.m */ = {isa = PBXFileReference; lastKnownFileType = sourcecode.c.objc; path = ViewController.m; sourceTree = "<group>"; };
		03A055D21868E038004807F0 /* Images.xcassets */ = {isa = PBXFileReference; lastKnownFileType = folder.assetcatalog; path = Images.xcassets; sourceTree = "<group>"; };
		03A055D81868E038004807F0 /* JSONAPITests.xctest */ = {isa = PBXFileReference; explicitFileType = wrapper.cfbundle; includeInIndex = 0; path = JSONAPITests.xctest; sourceTree = BUILT_PRODUCTS_DIR; };
		03A055D91868E038004807F0 /* XCTest.framework */ = {isa = PBXFileReference; lastKnownFileType = wrapper.framework; name = XCTest.framework; path = Library/Frameworks/XCTest.framework; sourceTree = DEVELOPER_DIR; };
		03A055E11868E038004807F0 /* JSONAPITests-Info.plist */ = {isa = PBXFileReference; lastKnownFileType = text.plist.xml; path = "JSONAPITests-Info.plist"; sourceTree = "<group>"; };
		03A055E31868E038004807F0 /* en */ = {isa = PBXFileReference; lastKnownFileType = text.plist.strings; name = en; path = en.lproj/InfoPlist.strings; sourceTree = "<group>"; };
		03A055E51868E038004807F0 /* JSONAPITests.m */ = {isa = PBXFileReference; lastKnownFileType = sourcecode.c.objc; path = JSONAPITests.m; sourceTree = "<group>"; };
		03A055F31868E08A004807F0 /* JSONAPI.h */ = {isa = PBXFileReference; fileEncoding = 4; lastKnownFileType = sourcecode.c.h; path = JSONAPI.h; sourceTree = "<group>"; };
		03A055F41868E08A004807F0 /* JSONAPI.m */ = {isa = PBXFileReference; fileEncoding = 4; lastKnownFileType = sourcecode.c.objc; path = JSONAPI.m; sourceTree = "<group>"; };
		03A055F51868E08A004807F0 /* JSONAPI.podspec */ = {isa = PBXFileReference; fileEncoding = 4; lastKnownFileType = text; name = JSONAPI.podspec; path = ../JSONAPI.podspec; sourceTree = "<group>"; };
		03FBD8D91AB879FD00789DF3 /* main_example.json */ = {isa = PBXFileReference; fileEncoding = 4; lastKnownFileType = text.json; path = main_example.json; sourceTree = "<group>"; };
		03FBD8DD1AB8DF8E00789DF3 /* JSONAPIErrorResource.h */ = {isa = PBXFileReference; fileEncoding = 4; lastKnownFileType = sourcecode.c.h; path = JSONAPIErrorResource.h; sourceTree = "<group>"; };
		03FBD8DE1AB8DF8E00789DF3 /* JSONAPIErrorResource.m */ = {isa = PBXFileReference; fileEncoding = 4; lastKnownFileType = sourcecode.c.objc; path = JSONAPIErrorResource.m; sourceTree = "<group>"; };
		03FBD8E11AB8E46E00789DF3 /* error_example.json */ = {isa = PBXFileReference; fileEncoding = 4; lastKnownFileType = text.json; path = error_example.json; sourceTree = "<group>"; };
		685481E91AE4161900D3A633 /* JSONAPIPropertyDescriptor.h */ = {isa = PBXFileReference; fileEncoding = 4; lastKnownFileType = sourcecode.c.h; path = JSONAPIPropertyDescriptor.h; sourceTree = "<group>"; };
		685481EA1AE4161900D3A633 /* JSONAPIPropertyDescriptor.m */ = {isa = PBXFileReference; fileEncoding = 4; lastKnownFileType = sourcecode.c.objc; path = JSONAPIPropertyDescriptor.m; sourceTree = "<group>"; };
		685481ED1AE419CB00D3A633 /* JSONAPIResourceDescriptor.h */ = {isa = PBXFileReference; fileEncoding = 4; lastKnownFileType = sourcecode.c.h; path = JSONAPIResourceDescriptor.h; sourceTree = "<group>"; };
		685481EE1AE419CB00D3A633 /* JSONAPIResourceDescriptor.m */ = {isa = PBXFileReference; fileEncoding = 4; lastKnownFileType = sourcecode.c.objc; path = JSONAPIResourceDescriptor.m; sourceTree = "<group>"; };
		68A469921AE47E0000E7BBC8 /* NSDateFormatter+JSONAPIDateFormatter.h */ = {isa = PBXFileReference; fileEncoding = 4; lastKnownFileType = sourcecode.c.h; path = "NSDateFormatter+JSONAPIDateFormatter.h"; sourceTree = "<group>"; };
		68A469931AE47E0000E7BBC8 /* NSDateFormatter+JSONAPIDateFormatter.m */ = {isa = PBXFileReference; fileEncoding = 4; lastKnownFileType = sourcecode.c.objc; path = "NSDateFormatter+JSONAPIDateFormatter.m"; sourceTree = "<group>"; };
		68DF9E951B06B4C500FA6429 /* README.md */ = {isa = PBXFileReference; lastKnownFileType = net.daringfireball.markdown; name = README.md; path = ../README.md; sourceTree = "<group>"; };
/* End PBXFileReference section */

/* Begin PBXFrameworksBuildPhase section */
		03A055B41868E038004807F0 /* Frameworks */ = {
			isa = PBXFrameworksBuildPhase;
			buildActionMask = 2147483647;
			files = (
				03A055BD1868E038004807F0 /* CoreGraphics.framework in Frameworks */,
				03A055BF1868E038004807F0 /* UIKit.framework in Frameworks */,
				03A055BB1868E038004807F0 /* Foundation.framework in Frameworks */,
			);
			runOnlyForDeploymentPostprocessing = 0;
		};
		03A055D51868E038004807F0 /* Frameworks */ = {
			isa = PBXFrameworksBuildPhase;
			buildActionMask = 2147483647;
			files = (
				03A055DA1868E038004807F0 /* XCTest.framework in Frameworks */,
				03A055DC1868E038004807F0 /* UIKit.framework in Frameworks */,
				03A055DB1868E038004807F0 /* Foundation.framework in Frameworks */,
			);
			runOnlyForDeploymentPostprocessing = 0;
		};
/* End PBXFrameworksBuildPhase section */

/* Begin PBXGroup section */
		0386643E186A791D00985CEC /* ResourceModels */ = {
			isa = PBXGroup;
			children = (
				03866455186A94C200985CEC /* PostResource.h */,
				03866456186A94C200985CEC /* PostResource.m */,
				0386644F186A909200985CEC /* PeopleResource.h */,
				03866450186A909200985CEC /* PeopleResource.m */,
				03866452186A94B700985CEC /* CommentResource.h */,
				03866453186A94B700985CEC /* CommentResource.m */,
			);
			name = ResourceModels;
			sourceTree = "<group>";
		};
		03A055AE1868E038004807F0 = {
			isa = PBXGroup;
			children = (
				68DF9E951B06B4C500FA6429 /* README.md */,
				03A055F51868E08A004807F0 /* JSONAPI.podspec */,
				03866458186CCE6600985CEC /* CHANGELOG.md */,
				03A055EF1868E08A004807F0 /* Classes */,
				03A055C01868E038004807F0 /* JSONAPI */,
				03A055DF1868E038004807F0 /* JSONAPITests */,
				03A055B91868E038004807F0 /* Frameworks */,
				03A055B81868E038004807F0 /* Products */,
			);
			sourceTree = "<group>";
		};
		03A055B81868E038004807F0 /* Products */ = {
			isa = PBXGroup;
			children = (
				03A055B71868E038004807F0 /* JSONAPI.app */,
				03A055D81868E038004807F0 /* JSONAPITests.xctest */,
			);
			name = Products;
			sourceTree = "<group>";
		};
		03A055B91868E038004807F0 /* Frameworks */ = {
			isa = PBXGroup;
			children = (
				03A055BA1868E038004807F0 /* Foundation.framework */,
				03A055BC1868E038004807F0 /* CoreGraphics.framework */,
				03A055BE1868E038004807F0 /* UIKit.framework */,
				03A055D91868E038004807F0 /* XCTest.framework */,
			);
			name = Frameworks;
			sourceTree = "<group>";
		};
		03A055C01868E038004807F0 /* JSONAPI */ = {
			isa = PBXGroup;
			children = (
				03A055C91868E038004807F0 /* AppDelegate.h */,
				03A055CA1868E038004807F0 /* AppDelegate.m */,
				03A055CC1868E038004807F0 /* Main.storyboard */,
				03A055CF1868E038004807F0 /* ViewController.h */,
				03A055D01868E038004807F0 /* ViewController.m */,
				0386643E186A791D00985CEC /* ResourceModels */,
				03A055D21868E038004807F0 /* Images.xcassets */,
				03A055C11868E038004807F0 /* Supporting Files */,
			);
			path = JSONAPI;
			sourceTree = "<group>";
		};
		03A055C11868E038004807F0 /* Supporting Files */ = {
			isa = PBXGroup;
			children = (
				03A055C21868E038004807F0 /* JSONAPI-Info.plist */,
				03A055C31868E038004807F0 /* InfoPlist.strings */,
				03A055C61868E038004807F0 /* main.m */,
				03A055C81868E038004807F0 /* JSONAPI-Prefix.pch */,
			);
			name = "Supporting Files";
			sourceTree = "<group>";
		};
		03A055DF1868E038004807F0 /* JSONAPITests */ = {
			isa = PBXGroup;
			children = (
				03FBD8D81AB879E800789DF3 /* Assets */,
				03A055E51868E038004807F0 /* JSONAPITests.m */,
				03A055E01868E038004807F0 /* Supporting Files */,
			);
			path = JSONAPITests;
			sourceTree = "<group>";
		};
		03A055E01868E038004807F0 /* Supporting Files */ = {
			isa = PBXGroup;
			children = (
				03A055E11868E038004807F0 /* JSONAPITests-Info.plist */,
				03A055E21868E038004807F0 /* InfoPlist.strings */,
			);
			name = "Supporting Files";
			sourceTree = "<group>";
		};
		03A055EF1868E08A004807F0 /* Classes */ = {
			isa = PBXGroup;
			children = (
				68A469921AE47E0000E7BBC8 /* NSDateFormatter+JSONAPIDateFormatter.h */,
				68A469931AE47E0000E7BBC8 /* NSDateFormatter+JSONAPIDateFormatter.m */,
				03A055F31868E08A004807F0 /* JSONAPI.h */,
				03A055F41868E08A004807F0 /* JSONAPI.m */,
				685481E91AE4161900D3A633 /* JSONAPIPropertyDescriptor.h */,
				685481EA1AE4161900D3A633 /* JSONAPIPropertyDescriptor.m */,
				033A6C5D18695CD2001CF9FA /* JSONAPIResource.h */,
				033A6C5E18695CD2001CF9FA /* JSONAPIResource.m */,
				03FBD8DD1AB8DF8E00789DF3 /* JSONAPIErrorResource.h */,
				03FBD8DE1AB8DF8E00789DF3 /* JSONAPIErrorResource.m */,
				685481ED1AE419CB00D3A633 /* JSONAPIResourceDescriptor.h */,
				685481EE1AE419CB00D3A633 /* JSONAPIResourceDescriptor.m */,
			);
			name = Classes;
			path = ../Classes;
			sourceTree = "<group>";
		};
		03FBD8D81AB879E800789DF3 /* Assets */ = {
			isa = PBXGroup;
			children = (
				03FBD8D91AB879FD00789DF3 /* main_example.json */,
				03FBD8E11AB8E46E00789DF3 /* error_example.json */,
			);
			name = Assets;
			sourceTree = "<group>";
		};
/* End PBXGroup section */

/* Begin PBXNativeTarget section */
		03A055B61868E038004807F0 /* JSONAPI */ = {
			isa = PBXNativeTarget;
			buildConfigurationList = 03A055E91868E038004807F0 /* Build configuration list for PBXNativeTarget "JSONAPI" */;
			buildPhases = (
				03A055B31868E038004807F0 /* Sources */,
				03A055B41868E038004807F0 /* Frameworks */,
				03A055B51868E038004807F0 /* Resources */,
			);
			buildRules = (
			);
			dependencies = (
			);
			name = JSONAPI;
			productName = JSONAPI;
			productReference = 03A055B71868E038004807F0 /* JSONAPI.app */;
			productType = "com.apple.product-type.application";
		};
		03A055D71868E038004807F0 /* JSONAPITests */ = {
			isa = PBXNativeTarget;
			buildConfigurationList = 03A055EC1868E038004807F0 /* Build configuration list for PBXNativeTarget "JSONAPITests" */;
			buildPhases = (
				03A055D41868E038004807F0 /* Sources */,
				03A055D51868E038004807F0 /* Frameworks */,
				03A055D61868E038004807F0 /* Resources */,
			);
			buildRules = (
			);
			dependencies = (
				03A055DE1868E038004807F0 /* PBXTargetDependency */,
			);
			name = JSONAPITests;
			productName = JSONAPITests;
			productReference = 03A055D81868E038004807F0 /* JSONAPITests.xctest */;
			productType = "com.apple.product-type.bundle.unit-test";
		};
/* End PBXNativeTarget section */

/* Begin PBXProject section */
		03A055AF1868E038004807F0 /* Project object */ = {
			isa = PBXProject;
			attributes = {
				LastUpgradeCheck = 0620;
				ORGANIZATIONNAME = "Josh Holtz";
				TargetAttributes = {
					03A055D71868E038004807F0 = {
						TestTargetID = 03A055B61868E038004807F0;
					};
					689B17A11AFFE0EA00D2854E = {
						CreatedOnToolsVersion = 6.3.1;
					};
				};
			};
			buildConfigurationList = 03A055B21868E038004807F0 /* Build configuration list for PBXProject "JSONAPI" */;
			compatibilityVersion = "Xcode 3.2";
			developmentRegion = English;
			hasScannedForEncodings = 0;
			knownRegions = (
				en,
				Base,
			);
			mainGroup = 03A055AE1868E038004807F0;
			productRefGroup = 03A055B81868E038004807F0 /* Products */;
			projectDirPath = "";
			projectRoot = "";
			targets = (
				03A055B61868E038004807F0 /* JSONAPI */,
				03A055D71868E038004807F0 /* JSONAPITests */,
				689B17A11AFFE0EA00D2854E /* Documentation */,
			);
		};
/* End PBXProject section */

/* Begin PBXResourcesBuildPhase section */
		03A055B51868E038004807F0 /* Resources */ = {
			isa = PBXResourcesBuildPhase;
			buildActionMask = 2147483647;
			files = (
				03A055D31868E038004807F0 /* Images.xcassets in Resources */,
				03866459186CCE6600985CEC /* CHANGELOG.md in Resources */,
				03A055C51868E038004807F0 /* InfoPlist.strings in Resources */,
				03FBD8DC1AB87EE000789DF3 /* main_example.json in Resources */,
				03FBD8E21AB8E46E00789DF3 /* error_example.json in Resources */,
				03A055CE1868E038004807F0 /* Main.storyboard in Resources */,
				03A055F81868E08A004807F0 /* JSONAPI.podspec in Resources */,
			);
			runOnlyForDeploymentPostprocessing = 0;
		};
		03A055D61868E038004807F0 /* Resources */ = {
			isa = PBXResourcesBuildPhase;
			buildActionMask = 2147483647;
			files = (
				03FBD8E31AB8E46E00789DF3 /* error_example.json in Resources */,
				03A055E41868E038004807F0 /* InfoPlist.strings in Resources */,
				03FBD8DA1AB879FD00789DF3 /* main_example.json in Resources */,
			);
			runOnlyForDeploymentPostprocessing = 0;
		};
/* End PBXResourcesBuildPhase section */

/* Begin PBXShellScriptBuildPhase section */
		689B17A51AFFE0FD00D2854E /* ShellScript */ = {
			isa = PBXShellScriptBuildPhase;
			buildActionMask = 2147483647;
			files = (
			);
			inputPaths = (
			);
			outputPaths = (
			);
			runOnlyForDeploymentPostprocessing = 0;
			shellPath = /bin/sh;
			shellScript = "#appledoc Xcode script\n# Start constants\ncompany=\"jkarmstr\";\ncompanyID=\"JKA\";\ncompanyURL=\"http://github.com\";\ntarget=\"iphoneos\";\n#target=\"macosx\";\noutputPath=\"~/help\";\n# End constants\n/usr/local/bin/appledoc \\\n--project-name \"${PROJECT_NAME}\" \\\n--project-company \"${company}\" \\\n--company-id \"${companyID}\" \\\n--output \"${outputPath}\" \\\n--install-docset \\\n--explicit-crossref \\\n--docset-platform-family \"${target}\" \\\n--logformat xcode \\\n--no-repeat-first-par \\\n--exit-threshold 2 \\\n--index-desc ../README.md \\\n\"../Classes\"";
		};
/* End PBXShellScriptBuildPhase section */

/* Begin PBXSourcesBuildPhase section */
		03A055B31868E038004807F0 /* Sources */ = {
			isa = PBXSourcesBuildPhase;
			buildActionMask = 2147483647;
			files = (
				03866451186A909200985CEC /* PeopleResource.m in Sources */,
				03866457186A94C200985CEC /* PostResource.m in Sources */,
				03A055D11868E038004807F0 /* ViewController.m in Sources */,
				03A055F71868E08A004807F0 /* JSONAPI.m in Sources */,
				033A6C5F18695CD2001CF9FA /* JSONAPIResource.m in Sources */,
				68A469941AE47E0000E7BBC8 /* NSDateFormatter+JSONAPIDateFormatter.m in Sources */,
				685481EB1AE4161900D3A633 /* JSONAPIPropertyDescriptor.m in Sources */,
				03866454186A94B700985CEC /* CommentResource.m in Sources */,
				03A055CB1868E038004807F0 /* AppDelegate.m in Sources */,
				685481EF1AE419CB00D3A633 /* JSONAPIResourceDescriptor.m in Sources */,
				03A055C71868E038004807F0 /* main.m in Sources */,
				03FBD8DF1AB8DF8E00789DF3 /* JSONAPIErrorResource.m in Sources */,
			);
			runOnlyForDeploymentPostprocessing = 0;
		};
		03A055D41868E038004807F0 /* Sources */ = {
			isa = PBXSourcesBuildPhase;
			buildActionMask = 2147483647;
			files = (
				03A055E61868E038004807F0 /* JSONAPITests.m in Sources */,
			);
			runOnlyForDeploymentPostprocessing = 0;
		};
/* End PBXSourcesBuildPhase section */

/* Begin PBXTargetDependency section */
		03A055DE1868E038004807F0 /* PBXTargetDependency */ = {
			isa = PBXTargetDependency;
			target = 03A055B61868E038004807F0 /* JSONAPI */;
			targetProxy = 03A055DD1868E038004807F0 /* PBXContainerItemProxy */;
		};
/* End PBXTargetDependency section */

/* Begin PBXVariantGroup section */
		03A055C31868E038004807F0 /* InfoPlist.strings */ = {
			isa = PBXVariantGroup;
			children = (
				03A055C41868E038004807F0 /* en */,
			);
			name = InfoPlist.strings;
			sourceTree = "<group>";
		};
		03A055CC1868E038004807F0 /* Main.storyboard */ = {
			isa = PBXVariantGroup;
			children = (
				03A055CD1868E038004807F0 /* Base */,
			);
			name = Main.storyboard;
			sourceTree = "<group>";
		};
		03A055E21868E038004807F0 /* InfoPlist.strings */ = {
			isa = PBXVariantGroup;
			children = (
				03A055E31868E038004807F0 /* en */,
			);
			name = InfoPlist.strings;
			sourceTree = "<group>";
		};
/* End PBXVariantGroup section */

/* Begin XCBuildConfiguration section */
		03A055E71868E038004807F0 /* Debug */ = {
			isa = XCBuildConfiguration;
			buildSettings = {
				ALWAYS_SEARCH_USER_PATHS = NO;
				CLANG_CXX_LANGUAGE_STANDARD = "gnu++0x";
				CLANG_CXX_LIBRARY = "libc++";
				CLANG_ENABLE_MODULES = YES;
				CLANG_ENABLE_OBJC_ARC = YES;
				CLANG_WARN_BOOL_CONVERSION = YES;
				CLANG_WARN_CONSTANT_CONVERSION = YES;
				CLANG_WARN_DIRECT_OBJC_ISA_USAGE = YES_ERROR;
				CLANG_WARN_EMPTY_BODY = YES;
				CLANG_WARN_ENUM_CONVERSION = YES;
				CLANG_WARN_INT_CONVERSION = YES;
				CLANG_WARN_OBJC_ROOT_CLASS = YES_ERROR;
				CLANG_WARN__DUPLICATE_METHOD_MATCH = YES;
				"CODE_SIGN_IDENTITY[sdk=iphoneos*]" = "iPhone Developer";
				COPY_PHASE_STRIP = NO;
				GCC_C_LANGUAGE_STANDARD = gnu99;
				GCC_DYNAMIC_NO_PIC = NO;
				GCC_OPTIMIZATION_LEVEL = 0;
				GCC_PREPROCESSOR_DEFINITIONS = (
					"DEBUG=1",
					"$(inherited)",
				);
				GCC_SYMBOLS_PRIVATE_EXTERN = NO;
				GCC_WARN_64_TO_32_BIT_CONVERSION = YES;
				GCC_WARN_ABOUT_RETURN_TYPE = YES_ERROR;
				GCC_WARN_UNDECLARED_SELECTOR = YES;
				GCC_WARN_UNINITIALIZED_AUTOS = YES;
				GCC_WARN_UNUSED_FUNCTION = YES;
				GCC_WARN_UNUSED_VARIABLE = YES;
				IPHONEOS_DEPLOYMENT_TARGET = 7.0;
				ONLY_ACTIVE_ARCH = YES;
				SDKROOT = iphoneos;
			};
			name = Debug;
		};
		03A055E81868E038004807F0 /* Release */ = {
			isa = XCBuildConfiguration;
			buildSettings = {
				ALWAYS_SEARCH_USER_PATHS = NO;
				CLANG_CXX_LANGUAGE_STANDARD = "gnu++0x";
				CLANG_CXX_LIBRARY = "libc++";
				CLANG_ENABLE_MODULES = YES;
				CLANG_ENABLE_OBJC_ARC = YES;
				CLANG_WARN_BOOL_CONVERSION = YES;
				CLANG_WARN_CONSTANT_CONVERSION = YES;
				CLANG_WARN_DIRECT_OBJC_ISA_USAGE = YES_ERROR;
				CLANG_WARN_EMPTY_BODY = YES;
				CLANG_WARN_ENUM_CONVERSION = YES;
				CLANG_WARN_INT_CONVERSION = YES;
				CLANG_WARN_OBJC_ROOT_CLASS = YES_ERROR;
				CLANG_WARN__DUPLICATE_METHOD_MATCH = YES;
				"CODE_SIGN_IDENTITY[sdk=iphoneos*]" = "iPhone Developer";
				COPY_PHASE_STRIP = YES;
				ENABLE_NS_ASSERTIONS = NO;
				GCC_C_LANGUAGE_STANDARD = gnu99;
				GCC_WARN_64_TO_32_BIT_CONVERSION = YES;
				GCC_WARN_ABOUT_RETURN_TYPE = YES_ERROR;
				GCC_WARN_UNDECLARED_SELECTOR = YES;
				GCC_WARN_UNINITIALIZED_AUTOS = YES;
				GCC_WARN_UNUSED_FUNCTION = YES;
				GCC_WARN_UNUSED_VARIABLE = YES;
				IPHONEOS_DEPLOYMENT_TARGET = 7.0;
				SDKROOT = iphoneos;
				VALIDATE_PRODUCT = YES;
			};
			name = Release;
		};
		03A055EA1868E038004807F0 /* Debug */ = {
			isa = XCBuildConfiguration;
			buildSettings = {
				ASSETCATALOG_COMPILER_APPICON_NAME = AppIcon;
				ASSETCATALOG_COMPILER_LAUNCHIMAGE_NAME = LaunchImage;
				GCC_PRECOMPILE_PREFIX_HEADER = YES;
				GCC_PREFIX_HEADER = "JSONAPI/JSONAPI-Prefix.pch";
				INFOPLIST_FILE = "JSONAPI/JSONAPI-Info.plist";
				PRODUCT_NAME = "$(TARGET_NAME)";
				WRAPPER_EXTENSION = app;
			};
			name = Debug;
		};
		03A055EB1868E038004807F0 /* Release */ = {
			isa = XCBuildConfiguration;
			buildSettings = {
				ASSETCATALOG_COMPILER_APPICON_NAME = AppIcon;
				ASSETCATALOG_COMPILER_LAUNCHIMAGE_NAME = LaunchImage;
				GCC_PRECOMPILE_PREFIX_HEADER = YES;
				GCC_PREFIX_HEADER = "JSONAPI/JSONAPI-Prefix.pch";
				INFOPLIST_FILE = "JSONAPI/JSONAPI-Info.plist";
				PRODUCT_NAME = "$(TARGET_NAME)";
				WRAPPER_EXTENSION = app;
			};
			name = Release;
		};
		03A055ED1868E038004807F0 /* Debug */ = {
			isa = XCBuildConfiguration;
			buildSettings = {
				BUNDLE_LOADER = "$(BUILT_PRODUCTS_DIR)/JSONAPI.app/JSONAPI";
				FRAMEWORK_SEARCH_PATHS = (
					"$(SDKROOT)/Developer/Library/Frameworks",
					"$(inherited)",
					"$(DEVELOPER_FRAMEWORKS_DIR)",
				);
				GCC_PRECOMPILE_PREFIX_HEADER = YES;
				GCC_PREFIX_HEADER = "JSONAPI/JSONAPI-Prefix.pch";
				GCC_PREPROCESSOR_DEFINITIONS = (
					"DEBUG=1",
					"$(inherited)",
				);
				INFOPLIST_FILE = "JSONAPITests/JSONAPITests-Info.plist";
				PRODUCT_NAME = "$(TARGET_NAME)";
				TEST_HOST = "$(BUNDLE_LOADER)";
				WRAPPER_EXTENSION = xctest;
			};
			name = Debug;
		};
		03A055EE1868E038004807F0 /* Release */ = {
			isa = XCBuildConfiguration;
			buildSettings = {
				BUNDLE_LOADER = "$(BUILT_PRODUCTS_DIR)/JSONAPI.app/JSONAPI";
				FRAMEWORK_SEARCH_PATHS = (
					"$(SDKROOT)/Developer/Library/Frameworks",
					"$(inherited)",
					"$(DEVELOPER_FRAMEWORKS_DIR)",
				);
				GCC_PRECOMPILE_PREFIX_HEADER = YES;
				GCC_PREFIX_HEADER = "JSONAPI/JSONAPI-Prefix.pch";
				INFOPLIST_FILE = "JSONAPITests/JSONAPITests-Info.plist";
				PRODUCT_NAME = "$(TARGET_NAME)";
				TEST_HOST = "$(BUNDLE_LOADER)";
				WRAPPER_EXTENSION = xctest;
			};
			name = Release;
		};
		689B17A21AFFE0EA00D2854E /* Debug */ = {
			isa = XCBuildConfiguration;
			buildSettings = {
				PRODUCT_NAME = "$(TARGET_NAME)";
			};
			name = Debug;
		};
		689B17A31AFFE0EA00D2854E /* Release */ = {
			isa = XCBuildConfiguration;
			buildSettings = {
				PRODUCT_NAME = "$(TARGET_NAME)";
			};
			name = Release;
		};
/* End XCBuildConfiguration section */

/* Begin XCConfigurationList section */
		03A055B21868E038004807F0 /* Build configuration list for PBXProject "JSONAPI" */ = {
			isa = XCConfigurationList;
			buildConfigurations = (
				03A055E71868E038004807F0 /* Debug */,
				03A055E81868E038004807F0 /* Release */,
			);
			defaultConfigurationIsVisible = 0;
			defaultConfigurationName = Release;
		};
		03A055E91868E038004807F0 /* Build configuration list for PBXNativeTarget "JSONAPI" */ = {
			isa = XCConfigurationList;
			buildConfigurations = (
				03A055EA1868E038004807F0 /* Debug */,
				03A055EB1868E038004807F0 /* Release */,
			);
			defaultConfigurationIsVisible = 0;
			defaultConfigurationName = Release;
		};
		03A055EC1868E038004807F0 /* Build configuration list for PBXNativeTarget "JSONAPITests" */ = {
			isa = XCConfigurationList;
			buildConfigurations = (
				03A055ED1868E038004807F0 /* Debug */,
				03A055EE1868E038004807F0 /* Release */,
			);
			defaultConfigurationIsVisible = 0;
			defaultConfigurationName = Release;
		};
		689B17A41AFFE0EA00D2854E /* Build configuration list for PBXAggregateTarget "Documentation" */ = {
			isa = XCConfigurationList;
			buildConfigurations = (
				689B17A21AFFE0EA00D2854E /* Debug */,
				689B17A31AFFE0EA00D2854E /* Release */,
			);
			defaultConfigurationIsVisible = 0;
			defaultConfigurationName = Release;
		};
/* End XCConfigurationList section */
	};
	rootObject = 03A055AF1868E038004807F0 /* Project object */;
}
